
Microsoft Visual Studio Solution File, Format Version 12.00
# Visual Studio Version 16
VisualStudioVersion = 16.0.30225.117
MinimumVisualStudioVersion = 10.0.40219.1
Project("{FAE04EC0-301F-11D3-BF4B-00C04F79EFBC}") = "ShrineConfig", "ShrineConfig\ShrineConfig.csproj", "{9ED3524F-126A-45A2-9530-D97AEE32032A}"
EndProject
Global
	GlobalSection(SolutionConfigurationPlatforms) = preSolution
		Debug|Any CPU = Debug|Any CPU
		Release|Any CPU = Release|Any CPU
	EndGlobalSection
	GlobalSection(ProjectConfigurationPlatforms) = postSolution
		{9ED3524F-126A-45A2-9530-D97AEE32032A}.Debug|Any CPU.ActiveCfg = Debug|Any CPU
		{9ED3524F-126A-45A2-9530-D97AEE32032A}.Debug|Any CPU.Build.0 = Debug|Any CPU
		{9ED3524F-126A-45A2-9530-D97AEE32032A}.Release|Any CPU.ActiveCfg = Release|Any CPU
		{9ED3524F-126A-45A2-9530-D97AEE32032A}.Release|Any CPU.Build.0 = Release|Any CPU
	EndGlobalSection
	GlobalSection(SolutionProperties) = preSolution
		HideSolutionNode = FALSE
	EndGlobalSection
	GlobalSection(ExtensibilityGlobals) = postSolution
		SolutionGuid = {D6B3B03C-2102-4C3B-8112-51D73B807EAD}
	EndGlobalSection
EndGlobal
